
Microsoft Visual Studio Solution File, Format Version 12.00
# Visual Studio Version 16
VisualStudioVersion = 16.0.31005.135
MinimumVisualStudioVersion = 10.0.40219.1
Project("{FAE04EC0-301F-11D3-BF4B-00C04F79EFBC}") = "Guessing Game", "Guessing Game.csproj", "{07F2546D-19C6-4848-9F1C-47415579848D}"
EndProject
Global
	GlobalSection(SolutionConfigurationPlatforms) = preSolution
		Debug|Any CPU = Debug|Any CPU
		Release|Any CPU = Release|Any CPU
	EndGlobalSection
	GlobalSection(ProjectConfigurationPlatforms) = postSolution
		{07F2546D-19C6-4848-9F1C-47415579848D}.Debug|Any CPU.ActiveCfg = Debug|Any CPU
		{07F2546D-19C6-4848-9F1C-47415579848D}.Debug|Any CPU.Build.0 = Debug|Any CPU
		{07F2546D-19C6-4848-9F1C-47415579848D}.Release|Any CPU.ActiveCfg = Release|Any CPU
		{07F2546D-19C6-4848-9F1C-47415579848D}.Release|Any CPU.Build.0 = Release|Any CPU
	EndGlobalSection
	GlobalSection(SolutionProperties) = preSolution
		HideSolutionNode = FALSE
	EndGlobalSection
	GlobalSection(ExtensibilityGlobals) = postSolution
		SolutionGuid = {327F97E4-B8D2-4B3A-8305-C1DBEAA23596}
	EndGlobalSection
EndGlobal
